// !$*UTF8*$!
{
	archiveVersion = 1;
	classes = {
	};
	objectVersion = 46;
	objects = {

/* Begin PBXBuildFile section */
		CAB448F4195E66FA00E75FCB /* Foundation.framework in Frameworks */ = {isa = PBXBuildFile; fileRef = CAB448F3195E66FA00E75FCB /* Foundation.framework */; };
		CAB448F6195E66FA00E75FCB /* CoreGraphics.framework in Frameworks */ = {isa = PBXBuildFile; fileRef = CAB448F5195E66FA00E75FCB /* CoreGraphics.framework */; };
		CAB448F8195E66FA00E75FCB /* UIKit.framework in Frameworks */ = {isa = PBXBuildFile; fileRef = CAB448F7195E66FA00E75FCB /* UIKit.framework */; };
		CAB448FE195E66FA00E75FCB /* InfoPlist.strings in Resources */ = {isa = PBXBuildFile; fileRef = CAB448FC195E66FA00E75FCB /* InfoPlist.strings */; };
		CAB44900195E66FA00E75FCB /* main.m in Sources */ = {isa = PBXBuildFile; fileRef = CAB448FF195E66FA00E75FCB /* main.m */; };
		CAB44904195E66FA00E75FCB /* MCDAppDelegate.m in Sources */ = {isa = PBXBuildFile; fileRef = CAB44903195E66FA00E75FCB /* MCDAppDelegate.m */; };
		CAB44907195E66FA00E75FCB /* Main.storyboard in Resources */ = {isa = PBXBuildFile; fileRef = CAB44905195E66FA00E75FCB /* Main.storyboard */; };
		CAB4490A195E66FA00E75FCB /* MCDFirstViewController.m in Sources */ = {isa = PBXBuildFile; fileRef = CAB44909195E66FA00E75FCB /* MCDFirstViewController.m */; };
		CAB4490D195E66FA00E75FCB /* MCDSecondViewController.m in Sources */ = {isa = PBXBuildFile; fileRef = CAB4490C195E66FA00E75FCB /* MCDSecondViewController.m */; };
		CAB4490F195E66FA00E75FCB /* Images.xcassets in Resources */ = {isa = PBXBuildFile; fileRef = CAB4490E195E66FA00E75FCB /* Images.xcassets */; };
		CAB44916195E66FA00E75FCB /* XCTest.framework in Frameworks */ = {isa = PBXBuildFile; fileRef = CAB44915195E66FA00E75FCB /* XCTest.framework */; };
		CAB44917195E66FA00E75FCB /* Foundation.framework in Frameworks */ = {isa = PBXBuildFile; fileRef = CAB448F3195E66FA00E75FCB /* Foundation.framework */; };
		CAB44918195E66FA00E75FCB /* UIKit.framework in Frameworks */ = {isa = PBXBuildFile; fileRef = CAB448F7195E66FA00E75FCB /* UIKit.framework */; };
		CAB44920195E66FA00E75FCB /* InfoPlist.strings in Resources */ = {isa = PBXBuildFile; fileRef = CAB4491E195E66FA00E75FCB /* InfoPlist.strings */; };
		CAB44922195E66FA00E75FCB /* MCDemoTests.m in Sources */ = {isa = PBXBuildFile; fileRef = CAB44921195E66FA00E75FCB /* MCDemoTests.m */; };
/* End PBXBuildFile section */

/* Begin PBXContainerItemProxy section */
		CAB44919195E66FA00E75FCB /* PBXContainerItemProxy */ = {
			isa = PBXContainerItemProxy;
			containerPortal = CAB448E8195E66FA00E75FCB /* Project object */;
			proxyType = 1;
			remoteGlobalIDString = CAB448EF195E66FA00E75FCB;
			remoteInfo = MCDemo;
		};
/* End PBXContainerItemProxy section */

/* Begin PBXFileReference section */
		CAB448F0195E66FA00E75FCB /* MCDemo.app */ = {isa = PBXFileReference; explicitFileType = wrapper.application; includeInIndex = 0; path = MCDemo.app; sourceTree = BUILT_PRODUCTS_DIR; };
		CAB448F3195E66FA00E75FCB /* Foundation.framework */ = {isa = PBXFileReference; lastKnownFileType = wrapper.framework; name = Foundation.framework; path = System/Library/Frameworks/Foundation.framework; sourceTree = SDKROOT; };
		CAB448F5195E66FA00E75FCB /* CoreGraphics.framework */ = {isa = PBXFileReference; lastKnownFileType = wrapper.framework; name = CoreGraphics.framework; path = System/Library/Frameworks/CoreGraphics.framework; sourceTree = SDKROOT; };
		CAB448F7195E66FA00E75FCB /* UIKit.framework */ = {isa = PBXFileReference; lastKnownFileType = wrapper.framework; name = UIKit.framework; path = System/Library/Frameworks/UIKit.framework; sourceTree = SDKROOT; };
		CAB448FB195E66FA00E75FCB /* MCDemo-Info.plist */ = {isa = PBXFileReference; lastKnownFileType = text.plist.xml; path = "MCDemo-Info.plist"; sourceTree = "<group>"; };
		CAB448FD195E66FA00E75FCB /* en */ = {isa = PBXFileReference; lastKnownFileType = text.plist.strings; name = en; path = en.lproj/InfoPlist.strings; sourceTree = "<group>"; };
		CAB448FF195E66FA00E75FCB /* main.m */ = {isa = PBXFileReference; lastKnownFileType = sourcecode.c.objc; path = main.m; sourceTree = "<group>"; };
		CAB44901195E66FA00E75FCB /* MCDemo-Prefix.pch */ = {isa = PBXFileReference; lastKnownFileType = sourcecode.c.h; path = "MCDemo-Prefix.pch"; sourceTree = "<group>"; };
		CAB44902195E66FA00E75FCB /* MCDAppDelegate.h */ = {isa = PBXFileReference; lastKnownFileType = sourcecode.c.h; path = MCDAppDelegate.h; sourceTree = "<group>"; };
		CAB44903195E66FA00E75FCB /* MCDAppDelegate.m */ = {isa = PBXFileReference; lastKnownFileType = sourcecode.c.objc; path = MCDAppDelegate.m; sourceTree = "<group>"; };
		CAB44906195E66FA00E75FCB /* Base */ = {isa = PBXFileReference; lastKnownFileType = file.storyboard; name = Base; path = Base.lproj/Main.storyboard; sourceTree = "<group>"; };
		CAB44908195E66FA00E75FCB /* MCDFirstViewController.h */ = {isa = PBXFileReference; lastKnownFileType = sourcecode.c.h; path = MCDFirstViewController.h; sourceTree = "<group>"; };
		CAB44909195E66FA00E75FCB /* MCDFirstViewController.m */ = {isa = PBXFileReference; lastKnownFileType = sourcecode.c.objc; path = MCDFirstViewController.m; sourceTree = "<group>"; };
		CAB4490B195E66FA00E75FCB /* MCDSecondViewController.h */ = {isa = PBXFileReference; lastKnownFileType = sourcecode.c.h; path = MCDSecondViewController.h; sourceTree = "<group>"; };
		CAB4490C195E66FA00E75FCB /* MCDSecondViewController.m */ = {isa = PBXFileReference; lastKnownFileType = sourcecode.c.objc; path = MCDSecondViewController.m; sourceTree = "<group>"; };
		CAB4490E195E66FA00E75FCB /* Images.xcassets */ = {isa = PBXFileReference; lastKnownFileType = folder.assetcatalog; path = Images.xcassets; sourceTree = "<group>"; };
		CAB44914195E66FA00E75FCB /* MCDemoTests.xctest */ = {isa = PBXFileReference; explicitFileType = wrapper.cfbundle; includeInIndex = 0; path = MCDemoTests.xctest; sourceTree = BUILT_PRODUCTS_DIR; };
		CAB44915195E66FA00E75FCB /* XCTest.framework */ = {isa = PBXFileReference; lastKnownFileType = wrapper.framework; name = XCTest.framework; path = Library/Frameworks/XCTest.framework; sourceTree = DEVELOPER_DIR; };
		CAB4491D195E66FA00E75FCB /* MCDemoTests-Info.plist */ = {isa = PBXFileReference; lastKnownFileType = text.plist.xml; path = "MCDemoTests-Info.plist"; sourceTree = "<group>"; };
		CAB4491F195E66FA00E75FCB /* en */ = {isa = PBXFileReference; lastKnownFileType = text.plist.strings; name = en; path = en.lproj/InfoPlist.strings; sourceTree = "<group>"; };
		CAB44921195E66FA00E75FCB /* MCDemoTests.m */ = {isa = PBXFileReference; lastKnownFileType = sourcecode.c.objc; path = MCDemoTests.m; sourceTree = "<group>"; };
/* End PBXFileReference section */

/* Begin PBXFrameworksBuildPhase section */
		CAB448ED195E66FA00E75FCB /* Frameworks */ = {
			isa = PBXFrameworksBuildPhase;
			buildActionMask = 2147483647;
			files = (
				CAB448F6195E66FA00E75FCB /* CoreGraphics.framework in Frameworks */,
				CAB448F8195E66FA00E75FCB /* UIKit.framework in Frameworks */,
				CAB448F4195E66FA00E75FCB /* Foundation.framework in Frameworks */,
			);
			runOnlyForDeploymentPostprocessing = 0;
		};
		CAB44911195E66FA00E75FCB /* Frameworks */ = {
			isa = PBXFrameworksBuildPhase;
			buildActionMask = 2147483647;
			files = (
				CAB44916195E66FA00E75FCB /* XCTest.framework in Frameworks */,
				CAB44918195E66FA00E75FCB /* UIKit.framework in Frameworks */,
				CAB44917195E66FA00E75FCB /* Foundation.framework in Frameworks */,
			);
			runOnlyForDeploymentPostprocessing = 0;
		};
/* End PBXFrameworksBuildPhase section */

/* Begin PBXGroup section */
		CAB448E7195E66F900E75FCB = {
			isa = PBXGroup;
			children = (
				CAB448F9195E66FA00E75FCB /* MCDemo */,
				CAB4491B195E66FA00E75FCB /* MCDemoTests */,
				CAB448F2195E66FA00E75FCB /* Frameworks */,
				CAB448F1195E66FA00E75FCB /* Products */,
			);
			sourceTree = "<group>";
		};
		CAB448F1195E66FA00E75FCB /* Products */ = {
			isa = PBXGroup;
			children = (
				CAB448F0195E66FA00E75FCB /* MCDemo.app */,
				CAB44914195E66FA00E75FCB /* MCDemoTests.xctest */,
			);
			name = Products;
			sourceTree = "<group>";
		};
		CAB448F2195E66FA00E75FCB /* Frameworks */ = {
			isa = PBXGroup;
			children = (
				CAB448F3195E66FA00E75FCB /* Foundation.framework */,
				CAB448F5195E66FA00E75FCB /* CoreGraphics.framework */,
				CAB448F7195E66FA00E75FCB /* UIKit.framework */,
				CAB44915195E66FA00E75FCB /* XCTest.framework */,
			);
			name = Frameworks;
			sourceTree = "<group>";
		};
		CAB448F9195E66FA00E75FCB /* MCDemo */ = {
			isa = PBXGroup;
			children = (
				CAB44902195E66FA00E75FCB /* MCDAppDelegate.h */,
				CAB44903195E66FA00E75FCB /* MCDAppDelegate.m */,
				CAB44905195E66FA00E75FCB /* Main.storyboard */,
				CAB44908195E66FA00E75FCB /* MCDFirstViewController.h */,
				CAB44909195E66FA00E75FCB /* MCDFirstViewController.m */,
				CAB4490B195E66FA00E75FCB /* MCDSecondViewController.h */,
				CAB4490C195E66FA00E75FCB /* MCDSecondViewController.m */,
				CAB4490E195E66FA00E75FCB /* Images.xcassets */,
				CAB448FA195E66FA00E75FCB /* Supporting Files */,
			);
			path = MCDemo;
			sourceTree = "<group>";
		};
		CAB448FA195E66FA00E75FCB /* Supporting Files */ = {
			isa = PBXGroup;
			children = (
				CAB448FB195E66FA00E75FCB /* MCDemo-Info.plist */,
				CAB448FC195E66FA00E75FCB /* InfoPlist.strings */,
				CAB448FF195E66FA00E75FCB /* main.m */,
				CAB44901195E66FA00E75FCB /* MCDemo-Prefix.pch */,
			);
			name = "Supporting Files";
			sourceTree = "<group>";
		};
		CAB4491B195E66FA00E75FCB /* MCDemoTests */ = {
			isa = PBXGroup;
			children = (
				CAB44921195E66FA00E75FCB /* MCDemoTests.m */,
				CAB4491C195E66FA00E75FCB /* Supporting Files */,
			);
			path = MCDemoTests;
			sourceTree = "<group>";
		};
		CAB4491C195E66FA00E75FCB /* Supporting Files */ = {
			isa = PBXGroup;
			children = (
				CAB4491D195E66FA00E75FCB /* MCDemoTests-Info.plist */,
				CAB4491E195E66FA00E75FCB /* InfoPlist.strings */,
			);
			name = "Supporting Files";
			sourceTree = "<group>";
		};
/* End PBXGroup section */

/* Begin PBXNativeTarget section */
		CAB448EF195E66FA00E75FCB /* MCDemo */ = {
			isa = PBXNativeTarget;
			buildConfigurationList = CAB44925195E66FA00E75FCB /* Build configuration list for PBXNativeTarget "MCDemo" */;
			buildPhases = (
				CAB448EC195E66FA00E75FCB /* Sources */,
				CAB448ED195E66FA00E75FCB /* Frameworks */,
				CAB448EE195E66FA00E75FCB /* Resources */,
			);
			buildRules = (
			);
			dependencies = (
			);
			name = MCDemo;
			productName = MCDemo;
			productReference = CAB448F0195E66FA00E75FCB /* MCDemo.app */;
			productType = "com.apple.product-type.application";
		};
		CAB44913195E66FA00E75FCB /* MCDemoTests */ = {
			isa = PBXNativeTarget;
			buildConfigurationList = CAB44928195E66FA00E75FCB /* Build configuration list for PBXNativeTarget "MCDemoTests" */;
			buildPhases = (
				CAB44910195E66FA00E75FCB /* Sources */,
				CAB44911195E66FA00E75FCB /* Frameworks */,
				CAB44912195E66FA00E75FCB /* Resources */,
			);
			buildRules = (
			);
			dependencies = (
				CAB4491A195E66FA00E75FCB /* PBXTargetDependency */,
			);
			name = MCDemoTests;
			productName = MCDemoTests;
			productReference = CAB44914195E66FA00E75FCB /* MCDemoTests.xctest */;
			productType = "com.apple.product-type.bundle.unit-test";
		};
/* End PBXNativeTarget section */

/* Begin PBXProject section */
		CAB448E8195E66FA00E75FCB /* Project object */ = {
			isa = PBXProject;
			attributes = {
				CLASSPREFIX = MCD;
				LastUpgradeCheck = 0510;
				ORGANIZATIONNAME = Ailtex;
				TargetAttributes = {
					CAB44913195E66FA00E75FCB = {
						TestTargetID = CAB448EF195E66FA00E75FCB;
					};
				};
			};
			buildConfigurationList = CAB448EB195E66FA00E75FCB /* Build configuration list for PBXProject "MCDemo" */;
			compatibilityVersion = "Xcode 3.2";
			developmentRegion = English;
			hasScannedForEncodings = 0;
			knownRegions = (
				en,
				Base,
			);
			mainGroup = CAB448E7195E66F900E75FCB;
			productRefGroup = CAB448F1195E66FA00E75FCB /* Products */;
			projectDirPath = "";
			projectRoot = "";
			targets = (
				CAB448EF195E66FA00E75FCB /* MCDemo */,
				CAB44913195E66FA00E75FCB /* MCDemoTests */,
			);
		};
/* End PBXProject section */

/* Begin PBXResourcesBuildPhase section */
		CAB448EE195E66FA00E75FCB /* Resources */ = {
			isa = PBXResourcesBuildPhase;
			buildActionMask = 2147483647;
			files = (
				CAB4490F195E66FA00E75FCB /* Images.xcassets in Resources */,
				CAB448FE195E66FA00E75FCB /* InfoPlist.strings in Resources */,
				CAB44907195E66FA00E75FCB /* Main.storyboard in Resources */,
			);
			runOnlyForDeploymentPostprocessing = 0;
		};
		CAB44912195E66FA00E75FCB /* Resources */ = {
			isa = PBXResourcesBuildPhase;
			buildActionMask = 2147483647;
			files = (
				CAB44920195E66FA00E75FCB /* InfoPlist.strings in Resources */,
			);
			runOnlyForDeploymentPostprocessing = 0;
		};
/* End PBXResourcesBuildPhase section */

/* Begin PBXSourcesBuildPhase section */
		CAB448EC195E66FA00E75FCB /* Sources */ = {
			isa = PBXSourcesBuildPhase;
			buildActionMask = 2147483647;
			files = (
				CAB44900195E66FA00E75FCB /* main.m in Sources */,
				CAB44904195E66FA00E75FCB /* MCDAppDelegate.m in Sources */,
				CAB4490A195E66FA00E75FCB /* MCDFirstViewController.m in Sources */,
				CAB4490D195E66FA00E75FCB /* MCDSecondViewController.m in Sources */,
			);
			runOnlyForDeploymentPostprocessing = 0;
		};
		CAB44910195E66FA00E75FCB /* Sources */ = {
			isa = PBXSourcesBuildPhase;
			buildActionMask = 2147483647;
			files = (
				CAB44922195E66FA00E75FCB /* MCDemoTests.m in Sources */,
			);
			runOnlyForDeploymentPostprocessing = 0;
		};
/* End PBXSourcesBuildPhase section */

/* Begin PBXTargetDependency section */
		CAB4491A195E66FA00E75FCB /* PBXTargetDependency */ = {
			isa = PBXTargetDependency;
			target = CAB448EF195E66FA00E75FCB /* MCDemo */;
			targetProxy = CAB44919195E66FA00E75FCB /* PBXContainerItemProxy */;
		};
/* End PBXTargetDependency section */

/* Begin PBXVariantGroup section */
		CAB448FC195E66FA00E75FCB /* InfoPlist.strings */ = {
			isa = PBXVariantGroup;
			children = (
				CAB448FD195E66FA00E75FCB /* en */,
			);
			name = InfoPlist.strings;
			sourceTree = "<group>";
		};
		CAB44905195E66FA00E75FCB /* Main.storyboard */ = {
			isa = PBXVariantGroup;
			children = (
				CAB44906195E66FA00E75FCB /* Base */,
			);
			name = Main.storyboard;
			sourceTree = "<group>";
		};
		CAB4491E195E66FA00E75FCB /* InfoPlist.strings */ = {
			isa = PBXVariantGroup;
			children = (
				CAB4491F195E66FA00E75FCB /* en */,
			);
			name = InfoPlist.strings;
			sourceTree = "<group>";
		};
/* End PBXVariantGroup section */

/* Begin XCBuildConfiguration section */
		CAB44923195E66FA00E75FCB /* Debug */ = {
			isa = XCBuildConfiguration;
			buildSettings = {
				ALWAYS_SEARCH_USER_PATHS = NO;
				CLANG_CXX_LANGUAGE_STANDARD = "gnu++0x";
				CLANG_CXX_LIBRARY = "libc++";
				CLANG_ENABLE_MODULES = YES;
				CLANG_ENABLE_OBJC_ARC = YES;
				CLANG_WARN_BOOL_CONVERSION = YES;
				CLANG_WARN_CONSTANT_CONVERSION = YES;
				CLANG_WARN_DIRECT_OBJC_ISA_USAGE = YES_ERROR;
				CLANG_WARN_EMPTY_BODY = YES;
				CLANG_WARN_ENUM_CONVERSION = YES;
				CLANG_WARN_INT_CONVERSION = YES;
				CLANG_WARN_OBJC_ROOT_CLASS = YES_ERROR;
				CLANG_WARN__DUPLICATE_METHOD_MATCH = YES;
				"CODE_SIGN_IDENTITY[sdk=iphoneos*]" = "iPhone Developer";
				COPY_PHASE_STRIP = NO;
				GCC_C_LANGUAGE_STANDARD = gnu99;
				GCC_DYNAMIC_NO_PIC = NO;
				GCC_OPTIMIZATION_LEVEL = 0;
				GCC_PREPROCESSOR_DEFINITIONS = (
					"DEBUG=1",
					"$(inherited)",
				);
				GCC_SYMBOLS_PRIVATE_EXTERN = NO;
				GCC_WARN_64_TO_32_BIT_CONVERSION = YES;
				GCC_WARN_ABOUT_RETURN_TYPE = YES_ERROR;
				GCC_WARN_UNDECLARED_SELECTOR = YES;
				GCC_WARN_UNINITIALIZED_AUTOS = YES_AGGRESSIVE;
				GCC_WARN_UNUSED_FUNCTION = YES;
				GCC_WARN_UNUSED_VARIABLE = YES;
				IPHONEOS_DEPLOYMENT_TARGET = 7.1;
				ONLY_ACTIVE_ARCH = YES;
				SDKROOT = iphoneos;
			};
			name = Debug;
		};
		CAB44924195E66FA00E75FCB /* Release */ = {
			isa = XCBuildConfiguration;
			buildSettings = {
				ALWAYS_SEARCH_USER_PATHS = NO;
				CLANG_CXX_LANGUAGE_STANDARD = "gnu++0x";
				CLANG_CXX_LIBRARY = "libc++";
				CLANG_ENABLE_MODULES = YES;
				CLANG_ENABLE_OBJC_ARC = YES;
				CLANG_WARN_BOOL_CONVERSION = YES;
				CLANG_WARN_CONSTANT_CONVERSION = YES;
				CLANG_WARN_DIRECT_OBJC_ISA_USAGE = YES_ERROR;
				CLANG_WARN_EMPTY_BODY = YES;
				CLANG_WARN_ENUM_CONVERSION = YES;
				CLANG_WARN_INT_CONVERSION = YES;
				CLANG_WARN_OBJC_ROOT_CLASS = YES_ERROR;
				CLANG_WARN__DUPLICATE_METHOD_MATCH = YES;
				"CODE_SIGN_IDENTITY[sdk=iphoneos*]" = "iPhone Developer";
				COPY_PHASE_STRIP = YES;
				ENABLE_NS_ASSERTIONS = NO;
				GCC_C_LANGUAGE_STANDARD = gnu99;
				GCC_WARN_64_TO_32_BIT_CONVERSION = YES;
				GCC_WARN_ABOUT_RETURN_TYPE = YES_ERROR;
				GCC_WARN_UNDECLARED_SELECTOR = YES;
				GCC_WARN_UNINITIALIZED_AUTOS = YES_AGGRESSIVE;
				GCC_WARN_UNUSED_FUNCTION = YES;
				GCC_WARN_UNUSED_VARIABLE = YES;
				IPHONEOS_DEPLOYMENT_TARGET = 7.1;
				SDKROOT = iphoneos;
				VALIDATE_PRODUCT = YES;
			};
			name = Release;
		};
		CAB44926195E66FA00E75FCB /* Debug */ = {
			isa = XCBuildConfiguration;
			buildSettings = {
				ASSETCATALOG_COMPILER_APPICON_NAME = AppIcon;
				ASSETCATALOG_COMPILER_LAUNCHIMAGE_NAME = LaunchImage;
				GCC_PRECOMPILE_PREFIX_HEADER = YES;
				GCC_PREFIX_HEADER = "MCDemo/MCDemo-Prefix.pch";
				INFOPLIST_FILE = "MCDemo/MCDemo-Info.plist";
				PRODUCT_NAME = "$(TARGET_NAME)";
				WRAPPER_EXTENSION = app;
			};
			name = Debug;
		};
		CAB44927195E66FA00E75FCB /* Release */ = {
			isa = XCBuildConfiguration;
			buildSettings = {
				ASSETCATALOG_COMPILER_APPICON_NAME = AppIcon;
				ASSETCATALOG_COMPILER_LAUNCHIMAGE_NAME = LaunchImage;
				GCC_PRECOMPILE_PREFIX_HEADER = YES;
				GCC_PREFIX_HEADER = "MCDemo/MCDemo-Prefix.pch";
				INFOPLIST_FILE = "MCDemo/MCDemo-Info.plist";
				PRODUCT_NAME = "$(TARGET_NAME)";
				WRAPPER_EXTENSION = app;
			};
			name = Release;
		};
		CAB44929195E66FA00E75FCB /* Debug */ = {
			isa = XCBuildConfiguration;
			buildSettings = {
				BUNDLE_LOADER = "$(BUILT_PRODUCTS_DIR)/MCDemo.app/MCDemo";
				FRAMEWORK_SEARCH_PATHS = (
					"$(SDKROOT)/Developer/Library/Frameworks",
					"$(inherited)",
					"$(DEVELOPER_FRAMEWORKS_DIR)",
				);
				GCC_PRECOMPILE_PREFIX_HEADER = YES;
				GCC_PREFIX_HEADER = "MCDemo/MCDemo-Prefix.pch";
				GCC_PREPROCESSOR_DEFINITIONS = (
					"DEBUG=1",
					"$(inherited)",
				);
				INFOPLIST_FILE = "MCDemoTests/MCDemoTests-Info.plist";
				PRODUCT_NAME = "$(TARGET_NAME)";
				TEST_HOST = "$(BUNDLE_LOADER)";
				WRAPPER_EXTENSION = xctest;
			};
			name = Debug;
		};
		CAB4492A195E66FA00E75FCB /* Release */ = {
			isa = XCBuildConfiguration;
			buildSettings = {
				BUNDLE_LOADER = "$(BUILT_PRODUCTS_DIR)/MCDemo.app/MCDemo";
				FRAMEWORK_SEARCH_PATHS = (
					"$(SDKROOT)/Developer/Library/Frameworks",
					"$(inherited)",
					"$(DEVELOPER_FRAMEWORKS_DIR)",
				);
				GCC_PRECOMPILE_PREFIX_HEADER = YES;
				GCC_PREFIX_HEADER = "MCDemo/MCDemo-Prefix.pch";
				INFOPLIST_FILE = "MCDemoTests/MCDemoTests-Info.plist";
				PRODUCT_NAME = "$(TARGET_NAME)";
				TEST_HOST = "$(BUNDLE_LOADER)";
				WRAPPER_EXTENSION = xctest;
			};
			name = Release;
		};
/* End XCBuildConfiguration section */

/* Begin XCConfigurationList section */
		CAB448EB195E66FA00E75FCB /* Build configuration list for PBXProject "MCDemo" */ = {
			isa = XCConfigurationList;
			buildConfigurations = (
				CAB44923195E66FA00E75FCB /* Debug */,
				CAB44924195E66FA00E75FCB /* Release */,
			);
			defaultConfigurationIsVisible = 0;
			defaultConfigurationName = Release;
		};
		CAB44925195E66FA00E75FCB /* Build configuration list for PBXNativeTarget "MCDemo" */ = {
			isa = XCConfigurationList;
			buildConfigurations = (
				CAB44926195E66FA00E75FCB /* Debug */,
				CAB44927195E66FA00E75FCB /* Release */,
			);
			defaultConfigurationIsVisible = 0;
		};
		CAB44928195E66FA00E75FCB /* Build configuration list for PBXNativeTarget "MCDemoTests" */ = {
			isa = XCConfigurationList;
			buildConfigurations = (
				CAB44929195E66FA00E75FCB /* Debug */,
				CAB4492A195E66FA00E75FCB /* Release */,
			);
			defaultConfigurationIsVisible = 0;
		};
/* End XCConfigurationList section */
	};
	rootObject = CAB448E8195E66FA00E75FCB /* Project object */;
}
